Microsoft Visual Studio Solution File, Format Version 12.00
# Visual Studio 14
VisualStudioVersion = 14.0.25420.1
MinimumVisualStudioVersion = 10.0.40219.1
Project("{FAE04EC0-301F-11D3-BF4B-00C04F79EFBC}") = "Atsam", "ATSAM\Atsam.csproj", "{3DD63DC8-6B37-49C8-B843-A2182422F0EE}"
EndProject
Project("{FAE04EC0-301F-11D3-BF4B-00C04F79EFBC}") = "DataAccessLayer", "DataAccessLayer\DataAccessLayer.csproj", "{0ECE1C20-86E5-4A9F-982F-2C3479EC136E}"
EndProject
Project("{FAE04EC0-301F-11D3-BF4B-00C04F79EFBC}") = "ServerCommonLayer", "ServerCommonLayer\ServerCommonLayer.csproj", "{2C5A3DB9-44DB-4F7C-BB00-A9623EFBD7C5}"
EndProject
Project("{FAE04EC0-301F-11D3-BF4B-00C04F79EFBC}") = "BusinessRuleLayer", "BusinessRuleLayer\BusinessRuleLayer.csproj", "{2B423FEC-2124-4F9D-9E29-E018DFFD54FC}"
EndProject
Project("{FAE04EC0-301F-11D3-BF4B-00C04F79EFBC}") = "BusinessFacadeLayer", "BusinessFacadeLayer\BusinessFacadeLayer.csproj", "{2DDC4FE7-F369-414E-8DB9-3C2B7951DC4B}"
EndProject
Project("{FAE04EC0-301F-11D3-BF4B-00C04F79EFBC}") = "AtsamServer", "AtsamServer\AtsamServer.csproj", "{47436C29-7730-4482-AE7C-9ABEFB32EC73}"
EndProject
Global
	GlobalSection(SolutionConfigurationPlatforms) = preSolution
		Debug|Any CPU = Debug|Any CPU
		Release|Any CPU = Release|Any CPU
	EndGlobalSection
	GlobalSection(ProjectConfigurationPlatforms) = postSolution
		{3DD63DC8-6B37-49C8-B843-A2182422F0EE}.Debug|Any CPU.ActiveCfg = Debug|Any CPU
		{3DD63DC8-6B37-49C8-B843-A2182422F0EE}.Debug|Any CPU.Build.0 = Debug|Any CPU
		{3DD63DC8-6B37-49C8-B843-A2182422F0EE}.Release|Any CPU.ActiveCfg = Release|Any CPU
		{3DD63DC8-6B37-49C8-B843-A2182422F0EE}.Release|Any CPU.Build.0 = Release|Any CPU
		{0ECE1C20-86E5-4A9F-982F-2C3479EC136E}.Debug|Any CPU.ActiveCfg = Debug|Any CPU
		{0ECE1C20-86E5-4A9F-982F-2C3479EC136E}.Debug|Any CPU.Build.0 = Debug|Any CPU
		{0ECE1C20-86E5-4A9F-982F-2C3479EC136E}.Release|Any CPU.ActiveCfg = Release|Any CPU
		{0ECE1C20-86E5-4A9F-982F-2C3479EC136E}.Release|Any CPU.Build.0 = Release|Any CPU
		{2C5A3DB9-44DB-4F7C-BB00-A9623EFBD7C5}.Debug|Any CPU.ActiveCfg = Debug|Any CPU
		{2C5A3DB9-44DB-4F7C-BB00-A9623EFBD7C5}.Debug|Any CPU.Build.0 = Debug|Any CPU
		{2C5A3DB9-44DB-4F7C-BB00-A9623EFBD7C5}.Release|Any CPU.ActiveCfg = Release|Any CPU
		{2C5A3DB9-44DB-4F7C-BB00-A9623EFBD7C5}.Release|Any CPU.Build.0 = Release|Any CPU
		{2B423FEC-2124-4F9D-9E29-E018DFFD54FC}.Debug|Any CPU.ActiveCfg = Debug|Any CPU
		{2B423FEC-2124-4F9D-9E29-E018DFFD54FC}.Debug|Any CPU.Build.0 = Debug|Any CPU
		{2B423FEC-2124-4F9D-9E29-E018DFFD54FC}.Release|Any CPU.ActiveCfg = Release|Any CPU
		{2B423FEC-2124-4F9D-9E29-E018DFFD54FC}.Release|Any CPU.Build.0 = Release|Any CPU
		{2DDC4FE7-F369-414E-8DB9-3C2B7951DC4B}.Debug|Any CPU.ActiveCfg = Debug|Any CPU
		{2DDC4FE7-F369-414E-8DB9-3C2B7951DC4B}.Debug|Any CPU.Build.0 = Debug|Any CPU
		{2DDC4FE7-F369-414E-8DB9-3C2B7951DC4B}.Release|Any CPU.ActiveCfg = Release|Any CPU
		{2DDC4FE7-F369-414E-8DB9-3C2B7951DC4B}.Release|Any CPU.Build.0 = Release|Any CPU
		{47436C29-7730-4482-AE7C-9ABEFB32EC73}.Debug|Any CPU.ActiveCfg = Debug|Any CPU
		{47436C29-7730-4482-AE7C-9ABEFB32EC73}.Debug|Any CPU.Build.0 = Debug|Any CPU
		{47436C29-7730-4482-AE7C-9ABEFB32EC73}.Release|Any CPU.ActiveCfg = Release|Any CPU
		{47436C29-7730-4482-AE7C-9ABEFB32EC73}.Release|Any CPU.Build.0 = Release|Any CPU
	EndGlobalSection
	GlobalSection(SolutionProperties) = preSolution
		HideSolutionNode = FALSE
	EndGlobalSection
EndGlobal
